<?xml version="1.0" encoding="UTF-8" standalone="yes" ?>
<CodeBlocks_project_file>
	<FileVersion major="1" minor="6" />
	<Project>
		<Option title="knight" />
		<Option pch_mode="2" />
		<Option compiler="gcc" />
		<Build>
			<Target title="Debug">
				<Option output="../../../bin/vedo/CodeBlocks-64/knight-debug" prefix_auto="1" extension_auto="1" />
				<Option object_output="../../../obj/vedo/CodeBlocks-64/debug/" />
				<Option type="1" />
				<Option compiler="gcc" />
				<Compiler>
					<Add option="-g" />
					<Add option="-D_VEDO_DEBUG" />
				</Compiler>
				<Linker>
					<Add library="../../../lib/vedo/CodeBlocks-64/libvedo-common-debug.a" />
					<Add library="../../../lib/vedo/CodeBlocks-64/libvedo-framework-debug.a" />
					<Add library="../../../lib/vedo/CodeBlocks-64/libvedo-njr-debug.a" />
					<Add library="C:/usr/xerces-c-64/lib/libxerces-c.a" />
				</Linker>
			</Target>
			<Target title="Release">
				<Option output="../../../bin/vedo/CodeBlocks-64/knight" prefix_auto="1" extension_auto="1" />
				<Option object_output="../../../obj/vedo/CodeBlocks-64/release/" />
				<Option type="1" />
				<Option compiler="gcc" />
				<Compiler>
					<Add option="-O3" />
				</Compiler>
				<Linker>
					<Add option="-s" />
					<Add library="../../../lib/vedo/CodeBlocks-64/libvedo-common.a" />
					<Add library="../../../lib/vedo/CodeBlocks-64/libvedo-framework.a" />
					<Add library="../../../lib/vedo/CodeBlocks-64/libvedo-njr.a" />
					<Add library="C:/usr/xerces-c-64/lib/libxerces-c.a" />
				</Linker>
			</Target>
		</Build>
		<VirtualTargets>
			<Add alias="All" targets="Debug;Release;" />
		</VirtualTargets>
		<Compiler>
			<Add option="-std=c++11" />
			<Add option="-Wall" />
			<Add option="-fexceptions -static -static-libgcc -static-libstdc++" />
			<Add option="-D_STD_CPP_11" />
			<Add directory="../../../src/" />
			<Add directory="C:/usr/xerces-c-64/include/" />
			<Add directory="C:/usr/win-builds-64/include/" />
			<Add directory="C:/usr/win-builds-64/mingw/include/" />
		</Compiler>
		<Linker>
			<Add directory="../../../lib/vedo/CodeBlocks-64/" />
			<Add directory="C:/usr/xerces-c-64/lib/" />
			<Add directory="C:/usr/win-builds-64/lib/" />
		</Linker>
		<Unit filename="../../../src/vedo/knight/implementation/3DLattices.cpp" />
		<Unit filename="../../../src/vedo/knight/implementation/BravaisLatticeWithBasis.cpp" />
		<Unit filename="../../../src/vedo/knight/implementation/CalcCoordinateNum.cpp" />
		<Unit filename="../../../src/vedo/knight/implementation/CalcDensity.cpp" />
		<Unit filename="../../../src/vedo/knight/implementation/ClusterInitializer.cpp" />
		<Unit filename="../../../src/vedo/knight/implementation/Knight.cpp" />
		<Unit filename="../../../src/vedo/knight/implementation/RectangularClusterInitializer.cpp" />
		<Unit filename="../../../src/vedo/knight/implementation/svg.cpp" />
		<Unit filename="../../../src/vedo/knight/interfaces/3DLattices.h" />
		<Unit filename="../../../src/vedo/knight/interfaces/BravaisLatticeWithBasis.h" />
		<Unit filename="../../../src/vedo/knight/interfaces/CalcCoordinateNum.h" />
		<Unit filename="../../../src/vedo/knight/interfaces/CalcDensity.h" />
		<Unit filename="../../../src/vedo/knight/interfaces/ClusterInitializer.h" />
		<Unit filename="../../../src/vedo/knight/interfaces/RectangularClusterInitializer.h" />
		<Extensions>
			<code_completion />
			<envvars />
			<debugger />
		</Extensions>
	</Project>
</CodeBlocks_project_file>
