<?xml version="1.0" encoding="UTF-8" standalone="yes" ?>
<CodeBlocks_project_file>
	<FileVersion major="1" minor="6" />
	<Project>
		<Option title="common" />
		<Option pch_mode="2" />
		<Option compiler="gcc" />
		<Build>
			<Target title="Debug">
				<Option output="../../lib/CodeBlocks64/vedo-common-debug" prefix_auto="1" extension_auto="1" />
				<Option working_dir="" />
				<Option object_output="../../obj/CodeBlocks64/debug" />
				<Option type="2" />
				<Option compiler="gcc" />
				<Option createDefFile="1" />
				<Compiler>
					<Add option="-O0" />
					<Add option="-Wall" />
					<Add option="-D_DEBUG" />
				</Compiler>
			</Target>
			<Target title="Debug32">
				<Option output="../../lib/CodeBlocks32/vedo-common-debug32" prefix_auto="1" extension_auto="1" />
				<Option working_dir="" />
				<Option object_output="../../obj/CodeBlocks32/debug" />
				<Option type="2" />
				<Option compiler="gnu_gcc_compiler_32bits" />
				<Option createDefFile="1" />
				<Compiler>
					<Add option="-O0" />
					<Add option="-Wall" />
					<Add option="-D_DEBUG" />
				</Compiler>
			</Target>
			<Target title="Release">
				<Option output="../../lib/CodeBlocks64/vedo-common" prefix_auto="1" extension_auto="1" />
				<Option working_dir="" />
				<Option object_output="../../obj/CodeBlocks64/release" />
				<Option type="2" />
				<Option compiler="gcc" />
				<Option createDefFile="1" />
				<Compiler>
					<Add option="-O3" />
				</Compiler>
			</Target>
			<Target title="Release32">
				<Option output="../../lib/CodeBlocks32/vedo-common32" prefix_auto="1" extension_auto="1" />
				<Option working_dir="" />
				<Option object_output="../../obj/CodeBlocks32/release" />
				<Option type="2" />
				<Option compiler="gnu_gcc_compiler_32bits" />
				<Option createDefFile="1" />
				<Compiler>
					<Add option="-O3" />
				</Compiler>
			</Target>
		</Build>
		<VirtualTargets>
			<Add alias="32-bits" targets="Debug32;Release32;" />
			<Add alias="64-bits" targets="Debug;Release;" />
			<Add alias="All" targets="Debug;Debug32;Release;Release32;" />
		</VirtualTargets>
		<Compiler>
			<Add option="-std=c++11" />
			<Add option="-D_FLOAT64" />
			<Add option="-D_INT32" />
			<Add option="-D_STD_CPP_11" />
			<Add option="-D_MS_WINDOWS" />
			<Add directory="../../src" />
		</Compiler>
		<Linker>
			<Add option="-r" />
		</Linker>
		<Unit filename="../../src/vedo/common/CDSphere2QuasiCylinder.cpp" />
		<Unit filename="../../src/vedo/common/CDSphere2QuasiCylinderAT.cpp" />
		<Unit filename="../../src/vedo/common/CDSphere2QuasiPlate.cpp" />
		<Unit filename="../../src/vedo/common/CDSphere2QuasiPlateWithCircularHole.cpp" />
		<Unit filename="../../src/vedo/common/CDSphere2Sphere.cpp" />
		<Unit filename="../../src/vedo/common/CDSphere2SphereAT.cpp" />
		<Unit filename="../../src/vedo/common/DOConstrainedQuasiCylinder.cpp" />
		<Unit filename="../../src/vedo/common/DOConstrainedQuasiPlate.cpp" />
		<Unit filename="../../src/vedo/common/DOFixedQuasiCylinder.cpp" />
		<Unit filename="../../src/vedo/common/DOFixedQuasiPlate.cpp" />
		<Unit filename="../../src/vedo/common/DOFixedQuasiPlateWithCircularHole.cpp" />
		<Unit filename="../../src/vedo/common/DOFixedSphere.cpp" />
		<Unit filename="../../src/vedo/common/DOOrbitalQuasiCylinder.cpp" />
		<Unit filename="../../src/vedo/common/DOOrbitalQuasiPlate.cpp" />
		<Unit filename="../../src/vedo/common/DOQuasiCylinder.cpp" />
		<Unit filename="../../src/vedo/common/DOQuasiPlate.cpp" />
		<Unit filename="../../src/vedo/common/DOQuasiPlateWithCircularHole.cpp" />
		<Unit filename="../../src/vedo/common/DOSphere.cpp" />
		<Unit filename="../../src/vedo/common/GSComplexShape.cpp" />
		<Unit filename="../../src/vedo/common/GSCylinder.cpp" />
		<Unit filename="../../src/vedo/common/GSEllipsoid.cpp" />
		<Unit filename="../../src/vedo/common/GSRectangle.cpp" />
		<Unit filename="../../src/vedo/common/GSSphere.cpp" />
		<Unit filename="../../src/vedo/common/ISwBSDBF.cpp" />
		<Unit filename="../../src/vedo/common/ISwBtSDBF.cpp" />
		<Unit filename="../../src/vedo/common/ISwH.cpp" />
		<Unit filename="../../src/vedo/common/ISwHertz.cpp" />
		<Unit filename="../../src/vedo/common/LeapConsultant.cpp" />
		<Unit filename="../../src/vedo/common/NBSConsultant.cpp" />
		<Unit filename="../../src/vedo/common/NearConsultant.cpp" />
		<Unit filename="../../src/vedo/common/SafeConsultant.cpp" />
		<Unit filename="../../src/vedo/common/CDSphere2QuasiCylinder.h" />
		<Unit filename="../../src/vedo/common/CDSphere2QuasiCylinderAT.h" />
		<Unit filename="../../src/vedo/common/CDSphere2QuasiPlate.h" />
		<Unit filename="../../src/vedo/common/CDSphere2QuasiPlateWithCircularHole.h" />
		<Unit filename="../../src/vedo/common/CDSphere2Sphere.h" />
		<Unit filename="../../src/vedo/common/CDSphere2SphereAT.h" />
		<Unit filename="../../src/vedo/common/DOConstrainedQuasiCylinder.h" />
		<Unit filename="../../src/vedo/common/DOConstrainedQuasiPlate.h" />
		<Unit filename="../../src/vedo/common/DOFixedQuasiCylinder.h" />
		<Unit filename="../../src/vedo/common/DOFixedQuasiPlate.h" />
		<Unit filename="../../src/vedo/common/DOFixedQuasiPlateWithCircularHole.h" />
		<Unit filename="../../src/vedo/common/DOFixedSphere.h" />
		<Unit filename="../../src/vedo/common/DOOrbitalQuasiCylinder.h" />
		<Unit filename="../../src/vedo/common/DOOrbitalQuasiPlate.h" />
		<Unit filename="../../src/vedo/common/DOQuasiCylinder.h" />
		<Unit filename="../../src/vedo/common/DOQuasiPlate.h" />
		<Unit filename="../../src/vedo/common/DOQuasiPlateWithCircularHole.h" />
		<Unit filename="../../src/vedo/common/DOSphere.h" />
		<Unit filename="../../src/vedo/common/GSComplexShape.h" />
		<Unit filename="../../src/vedo/common/GSCylinder.h" />
		<Unit filename="../../src/vedo/common/GSEllipsoid.h" />
		<Unit filename="../../src/vedo/common/GSRectangle.h" />
		<Unit filename="../../src/vedo/common/GSSphere.h" />
		<Unit filename="../../src/vedo/common/ISwBSDBF.h" />
		<Unit filename="../../src/vedo/common/ISwBtSDBF.h" />
		<Unit filename="../../src/vedo/common/ISwH.h" />
		<Unit filename="../../src/vedo/common/ISwHertz.h" />
		<Unit filename="../../src/vedo/common/LeapConsultant.h" />
		<Unit filename="../../src/vedo/common/NBSConsultant.h" />
		<Unit filename="../../src/vedo/common/NearConsultant.h" />
		<Unit filename="../../src/vedo/common/SafeConsultant.h" />
		<Extensions>
			<code_completion />
			<envvars />
			<debugger />
			<lib_finder disable_auto="1" />
		</Extensions>
	</Project>
</CodeBlocks_project_file>
