
Microsoft Visual Studio Solution File, Format Version 12.00
# Visual Studio 2012
Project("{2150E333-8FDC-42A3-9474-1A3956D46DE8}") = "library", "library", "{A89E51E1-E690-4D09-B14C-6FF8E601EDB7}"
EndProject
Project("{8BC9CEB8-8B4A-11D0-8D11-00A0C91BC942}") = "Anne", "Anne.vcxproj", "{8BF8383B-B948-480F-83AF-63965677D3BA}"
	ProjectSection(ProjectDependencies) = postProject
		{A8B27909-5F6A-4CC7-A156-9FDB5A818DB0} = {A8B27909-5F6A-4CC7-A156-9FDB5A818DB0}
		{8EE79D93-E8C1-465D-909A-F2D47DAD53FB} = {8EE79D93-E8C1-465D-909A-F2D47DAD53FB}
		{21F378B0-A1D0-4B65-A1DF-A692F11E6560} = {21F378B0-A1D0-4B65-A1DF-A692F11E6560}
	EndProjectSection
EndProject
Project("{8BC9CEB8-8B4A-11D0-8D11-00A0C91BC942}") = "Knight", "Knight.vcxproj", "{61998B5B-55B4-4F18-BA33-F512B0E69DF0}"
	ProjectSection(ProjectDependencies) = postProject
		{A8B27909-5F6A-4CC7-A156-9FDB5A818DB0} = {A8B27909-5F6A-4CC7-A156-9FDB5A818DB0}
		{8EE79D93-E8C1-465D-909A-F2D47DAD53FB} = {8EE79D93-E8C1-465D-909A-F2D47DAD53FB}
		{21F378B0-A1D0-4B65-A1DF-A692F11E6560} = {21F378B0-A1D0-4B65-A1DF-A692F11E6560}
	EndProjectSection
EndProject
Project("{8BC9CEB8-8B4A-11D0-8D11-00A0C91BC942}") = "IrisGF", "IrisGF.vcxproj", "{8C03691F-D99F-45A6-A63A-8589FA4D70B5}"
	ProjectSection(ProjectDependencies) = postProject
		{A8B27909-5F6A-4CC7-A156-9FDB5A818DB0} = {A8B27909-5F6A-4CC7-A156-9FDB5A818DB0}
		{8EE79D93-E8C1-465D-909A-F2D47DAD53FB} = {8EE79D93-E8C1-465D-909A-F2D47DAD53FB}
		{21F378B0-A1D0-4B65-A1DF-A692F11E6560} = {21F378B0-A1D0-4B65-A1DF-A692F11E6560}
	EndProjectSection
EndProject
Project("{8BC9CEB8-8B4A-11D0-8D11-00A0C91BC942}") = "IrisGM", "IrisGM.vcxproj", "{D3C2C2ED-2C3B-4DA3-826C-38EDD1178B27}"
	ProjectSection(ProjectDependencies) = postProject
		{A8B27909-5F6A-4CC7-A156-9FDB5A818DB0} = {A8B27909-5F6A-4CC7-A156-9FDB5A818DB0}
		{8EE79D93-E8C1-465D-909A-F2D47DAD53FB} = {8EE79D93-E8C1-465D-909A-F2D47DAD53FB}
		{21F378B0-A1D0-4B65-A1DF-A692F11E6560} = {21F378B0-A1D0-4B65-A1DF-A692F11E6560}
	EndProjectSection
EndProject
Project("{8BC9CEB8-8B4A-11D0-8D11-00A0C91BC942}") = "NJR", "NJR.vcxproj", "{8EE79D93-E8C1-465D-909A-F2D47DAD53FB}"
EndProject
Project("{8BC9CEB8-8B4A-11D0-8D11-00A0C91BC942}") = "Framework", "Framework.vcxproj", "{A8B27909-5F6A-4CC7-A156-9FDB5A818DB0}"
	ProjectSection(ProjectDependencies) = postProject
		{8EE79D93-E8C1-465D-909A-F2D47DAD53FB} = {8EE79D93-E8C1-465D-909A-F2D47DAD53FB}
	EndProjectSection
EndProject
Project("{8BC9CEB8-8B4A-11D0-8D11-00A0C91BC942}") = "Common", "Common.vcxproj", "{21F378B0-A1D0-4B65-A1DF-A692F11E6560}"
	ProjectSection(ProjectDependencies) = postProject
		{A8B27909-5F6A-4CC7-A156-9FDB5A818DB0} = {A8B27909-5F6A-4CC7-A156-9FDB5A818DB0}
		{8EE79D93-E8C1-465D-909A-F2D47DAD53FB} = {8EE79D93-E8C1-465D-909A-F2D47DAD53FB}
	EndProjectSection
EndProject
Project("{8BC9CEB8-8B4A-11D0-8D11-00A0C91BC942}") = "Parmetis", "Parmetis.vcxproj", "{1B7567B7-1C61-4BBC-8E64-8F96766EEF5C}"
EndProject
Project("{8BC9CEB8-8B4A-11D0-8D11-00A0C91BC942}") = "Metis", "Metis.vcxproj", "{2C694B0F-3C86-4EFC-A75C-02E9392579BA}"
EndProject
Global
	GlobalSection(SolutionConfigurationPlatforms) = preSolution
		Debug|Win32 = Debug|Win32
		Release|Win32 = Release|Win32
	EndGlobalSection
	GlobalSection(ProjectConfigurationPlatforms) = postSolution
		{8BF8383B-B948-480F-83AF-63965677D3BA}.Debug|Win32.ActiveCfg = Debug|Win32
		{8BF8383B-B948-480F-83AF-63965677D3BA}.Debug|Win32.Build.0 = Debug|Win32
		{8BF8383B-B948-480F-83AF-63965677D3BA}.Release|Win32.ActiveCfg = Release|Win32
		{8BF8383B-B948-480F-83AF-63965677D3BA}.Release|Win32.Build.0 = Release|Win32
		{61998B5B-55B4-4F18-BA33-F512B0E69DF0}.Debug|Win32.ActiveCfg = Debug|Win32
		{61998B5B-55B4-4F18-BA33-F512B0E69DF0}.Debug|Win32.Build.0 = Debug|Win32
		{61998B5B-55B4-4F18-BA33-F512B0E69DF0}.Release|Win32.ActiveCfg = Release|Win32
		{61998B5B-55B4-4F18-BA33-F512B0E69DF0}.Release|Win32.Build.0 = Release|Win32
		{8C03691F-D99F-45A6-A63A-8589FA4D70B5}.Debug|Win32.ActiveCfg = Debug|Win32
		{8C03691F-D99F-45A6-A63A-8589FA4D70B5}.Release|Win32.ActiveCfg = Release|Win32
		{D3C2C2ED-2C3B-4DA3-826C-38EDD1178B27}.Debug|Win32.ActiveCfg = Debug|Win32
		{D3C2C2ED-2C3B-4DA3-826C-38EDD1178B27}.Debug|Win32.Build.0 = Debug|Win32
		{D3C2C2ED-2C3B-4DA3-826C-38EDD1178B27}.Release|Win32.ActiveCfg = Release|Win32
		{D3C2C2ED-2C3B-4DA3-826C-38EDD1178B27}.Release|Win32.Build.0 = Release|Win32
		{8EE79D93-E8C1-465D-909A-F2D47DAD53FB}.Debug|Win32.ActiveCfg = Debug|Win32
		{8EE79D93-E8C1-465D-909A-F2D47DAD53FB}.Debug|Win32.Build.0 = Debug|Win32
		{8EE79D93-E8C1-465D-909A-F2D47DAD53FB}.Release|Win32.ActiveCfg = Release|Win32
		{8EE79D93-E8C1-465D-909A-F2D47DAD53FB}.Release|Win32.Build.0 = Release|Win32
		{A8B27909-5F6A-4CC7-A156-9FDB5A818DB0}.Debug|Win32.ActiveCfg = Debug|Win32
		{A8B27909-5F6A-4CC7-A156-9FDB5A818DB0}.Debug|Win32.Build.0 = Debug|Win32
		{A8B27909-5F6A-4CC7-A156-9FDB5A818DB0}.Release|Win32.ActiveCfg = Release|Win32
		{A8B27909-5F6A-4CC7-A156-9FDB5A818DB0}.Release|Win32.Build.0 = Release|Win32
		{21F378B0-A1D0-4B65-A1DF-A692F11E6560}.Debug|Win32.ActiveCfg = Debug|Win32
		{21F378B0-A1D0-4B65-A1DF-A692F11E6560}.Debug|Win32.Build.0 = Debug|Win32
		{21F378B0-A1D0-4B65-A1DF-A692F11E6560}.Release|Win32.ActiveCfg = Release|Win32
		{21F378B0-A1D0-4B65-A1DF-A692F11E6560}.Release|Win32.Build.0 = Release|Win32
		{1B7567B7-1C61-4BBC-8E64-8F96766EEF5C}.Debug|Win32.ActiveCfg = Debug|Win32
		{1B7567B7-1C61-4BBC-8E64-8F96766EEF5C}.Release|Win32.ActiveCfg = Release|Win32
		{2C694B0F-3C86-4EFC-A75C-02E9392579BA}.Debug|Win32.ActiveCfg = Debug|Win32
		{2C694B0F-3C86-4EFC-A75C-02E9392579BA}.Release|Win32.ActiveCfg = Release|Win32
	EndGlobalSection
	GlobalSection(SolutionProperties) = preSolution
		HideSolutionNode = FALSE
	EndGlobalSection
	GlobalSection(NestedProjects) = preSolution
		{8EE79D93-E8C1-465D-909A-F2D47DAD53FB} = {A89E51E1-E690-4D09-B14C-6FF8E601EDB7}
		{A8B27909-5F6A-4CC7-A156-9FDB5A818DB0} = {A89E51E1-E690-4D09-B14C-6FF8E601EDB7}
		{21F378B0-A1D0-4B65-A1DF-A692F11E6560} = {A89E51E1-E690-4D09-B14C-6FF8E601EDB7}
		{1B7567B7-1C61-4BBC-8E64-8F96766EEF5C} = {A89E51E1-E690-4D09-B14C-6FF8E601EDB7}
		{2C694B0F-3C86-4EFC-A75C-02E9392579BA} = {A89E51E1-E690-4D09-B14C-6FF8E601EDB7}
	EndGlobalSection
EndGlobal
