<?xml version="1.0" encoding="UTF-8" standalone="yes" ?>
<CodeBlocks_project_file>
	<FileVersion major="1" minor="6" />
	<Project>
		<Option title="anne" />
		<Option pch_mode="2" />
		<Build>
			<Target title="Debug">
				<Option output="../../../bin/vedo/CodeBlocks-64/anne-debug" prefix_auto="1" extension_auto="1" />
				<Option object_output="../../../obj/vedo/CodeBlocks/debug" />
				<Option type="1" />
				<Option compiler="gcc" />
				<Compiler>
					<Add option="-O0" />
					<Add option="-Wall" />
					<Add option="-D_VEDO_DEBUG" />
					<Add option="-D_VEDO_INT32" />
					<Add option="-D_VEDO_FLOAT64" />
				</Compiler>
				<Linker>
					<Add library="../../../lib/vedo/CodeBlocks/libvedo-common-debug.a" />
					<Add library="../../../lib/vedo/CodeBlocks/libvedo-framework-debug.a" />
					<Add library="../../../lib/vedo/CodeBlocks/libvedo-njr-debug.a" />
					<Add library="../../../lib/vedo/CodeBlocks/libvedo-constants-debug.a" />
					<Add library="C:/usr/mingw-w64/x86_64-4.9.2-posix-seh-rt_v3-rev1/mingw64/lib/gcc/x86_64-w64-mingw32/4.9.2/libstdc++.a" />
				</Linker>
			</Target>
			<Target title="Debug32">
				<Option output="../../../bin/vedo/CodeBlocks-32/anne-debug32" prefix_auto="1" extension_auto="1" />
				<Option object_output="../../../obj/vedo/CodeBlocks/debug32" />
				<Option type="1" />
				<Option compiler="gnu_gcc_compiler_32bits" />
				<Compiler>
					<Add option="-O0" />
					<Add option="-Wall" />
					<Add option="-D_VEDO_DEBUG" />
					<Add option="-D_VEDO_INT32" />
					<Add option="-D_VEDO_FLOAT32" />
				</Compiler>
				<Linker>
					<Add library="../../../lib/vedo/CodeBlocks/libvedo-common-debug32.a" />
					<Add library="../../../lib/vedo/CodeBlocks/libvedo-framework-debug32.a" />
					<Add library="../../../lib/vedo/CodeBlocks/libvedo-njr-debug32.a" />
					<Add library="../../../lib/vedo/CodeBlocks/libvedo-constants-debug32.a" />
					<Add library="C:/usr/mingw-w64/i686-4.9.2-posix-sjlj-rt_v3-rev1/mingw32/lib/gcc/i686-w64-mingw32/4.9.2/libstdc++.a" />
				</Linker>
			</Target>
			<Target title="Release">
				<Option output="../../../bin/vedo/CodeBlocks-64/anne" prefix_auto="1" extension_auto="1" />
				<Option object_output="../../../obj/vedo/CodeBlocks/release" />
				<Option type="1" />
				<Option compiler="gcc" />
				<Compiler>
					<Add option="-O3" />
					<Add option="-D_VEDO_INT32" />
					<Add option="-D_VEDO_FLOAT64" />
				</Compiler>
				<Linker>
					<Add library="../../../lib/vedo/CodeBlocks/libvedo-common.a" />
					<Add library="../../../lib/vedo/CodeBlocks/libvedo-framework.a" />
					<Add library="../../../lib/vedo/CodeBlocks/libvedo-njr.a" />
					<Add library="../../../lib/vedo/CodeBlocks/libvedo-constants.a" />
					<Add library="C:/usr/mingw-w64/x86_64-4.9.2-posix-seh-rt_v3-rev1/mingw64/lib/gcc/x86_64-w64-mingw32/4.9.2/libstdc++.a" />
				</Linker>
			</Target>
			<Target title="Release32">
				<Option output="../../../bin/vedo/CodeBlocks-32/anne32" prefix_auto="1" extension_auto="1" />
				<Option object_output="../../../obj/vedo/CodeBlocks/release32" />
				<Option type="1" />
				<Option compiler="gnu_gcc_compiler_32bits" />
				<Compiler>
					<Add option="-O3" />
					<Add option="-D_VEDO_INT32" />
					<Add option="-D_VEDO_FLOAT32" />
				</Compiler>
				<Linker>
					<Add library="../../../lib/vedo/CodeBlocks/libvedo-common32.a" />
					<Add library="../../../lib/vedo/CodeBlocks/libvedo-framework32.a" />
					<Add library="../../../lib/vedo/CodeBlocks/libvedo-njr32.a" />
					<Add library="../../../lib/vedo/CodeBlocks/libvedo-constants32.a" />
					<Add library="C:/usr/mingw-w64/i686-4.9.2-posix-sjlj-rt_v3-rev1/mingw32/lib/gcc/i686-w64-mingw32/4.9.2/libstdc++.a" />
				</Linker>
			</Target>
		</Build>
		<VirtualTargets>
			<Add alias="All" targets="Debug;Debug32;Release;Release32;" />
			<Add alias="64-bits" targets="Debug;Release;" />
			<Add alias="32-bits" targets="Debug32;Release32;" />
			<Add alias="Debug" targets="Debug;Debug32;" />
			<Add alias="Release" targets="Release;Release32;" />
		</VirtualTargets>
		<Compiler>
			<Add option="-std=c++11" />
			<Add option="-D_STD_CPP_11" />
			<Add option="-D_MS_WINDOWS" />
			<Add directory="../../../src" />
		</Compiler>
		<Linker>
			<Add option="-fexceptions" />
			<Add option="-static" />
			<Add option="-static-libgcc" />
			<Add option="-static-libstdc++" />
		</Linker>
		<Unit filename="../../../src/vedo/anne/implementation/Anne.cpp" />
		<Extensions>
			<code_completion />
			<envvars />
			<debugger />
		</Extensions>
	</Project>
</CodeBlocks_project_file>
