<?xml version="1.0" encoding="UTF-8" standalone="yes" ?>
<CodeBlocks_project_file>
	<FileVersion major="1" minor="6" />
	<Project>
		<Option title="njr" />
		<Option pch_mode="2" />
		<Option compiler="gcc" />
		<Build>
			<Target title="Debug">
				<Option output="../../../lib/vedo/CodeBlocks/vedo-njr-debug" prefix_auto="1" extension_auto="1" />
				<Option working_dir="" />
				<Option object_output="../../../obj/vedo/CodeBlocks/debug" />
				<Option type="2" />
				<Option compiler="gcc" />
				<Option createDefFile="1" />
				<Compiler>
					<Add option="-O0" />
					<Add option="-Wall" />
					<Add option="-D_VEDO_DEBUG" />
					<Add option="-D_VEDO_INT32" />
					<Add option="-D_VEDO_FLOAT64" />
				</Compiler>
			</Target>
			<Target title="Debug32">
				<Option output="../../../lib/vedo/CodeBlocks/vedo-njr-debug32" prefix_auto="1" extension_auto="1" />
				<Option working_dir="" />
				<Option object_output="../../../obj/vedo/CodeBlocks/debug32" />
				<Option type="2" />
				<Option compiler="gnu_gcc_compiler_32bits" />
				<Option createDefFile="1" />
				<Compiler>
					<Add option="-O0" />
					<Add option="-Wall" />
					<Add option="-D_VEDO_DEBUG" />
					<Add option="-D_VEDO_INT32" />
					<Add option="-D_VEDO_FLOAT32" />
				</Compiler>
			</Target>
			<Target title="Release">
				<Option output="../../../lib/vedo/CodeBlocks/vedo-njr" prefix_auto="1" extension_auto="1" />
				<Option working_dir="" />
				<Option object_output="../../../obj/vedo/CodeBlocks/release" />
				<Option type="2" />
				<Option compiler="gcc" />
				<Option createDefFile="1" />
				<Compiler>
					<Add option="-O3" />
					<Add option="-D_VEDO_INT32" />
					<Add option="-D_VEDO_FLOAT64" />
				</Compiler>
			</Target>
			<Target title="Release32">
				<Option output="../../../lib/vedo/CodeBlocks/vedo-njr32" prefix_auto="1" extension_auto="1" />
				<Option working_dir="" />
				<Option object_output="../../../obj/vedo/CodeBlocks/release32" />
				<Option type="2" />
				<Option compiler="gnu_gcc_compiler_32bits" />
				<Option createDefFile="1" />
				<Compiler>
					<Add option="-O3" />
					<Add option="-D_VEDO_INT32" />
					<Add option="-D_VEDO_FLOAT32" />
				</Compiler>
			</Target>
		</Build>
		<VirtualTargets>
			<Add alias="32-bits" targets="Debug32;Release32;" />
			<Add alias="64-bits" targets="Debug;Release;" />
			<Add alias="All" targets="Debug;Debug32;Release;Release32;" />
		</VirtualTargets>
		<Compiler>
			<Add option="-std=c++11" />
			<Add option="-D_STD_CPP_11" />
			<Add option="-D_MS_WINDOWS" />
			<Add directory="../../../src" />
		</Compiler>
		<Linker>
			<Add option="-r" />
		</Linker>
		<Unit filename="../../../src/vedo/njr/implementation/ACADXF.cpp" />
		<Unit filename="../../../src/vedo/njr/implementation/ACADXF_Solid.cpp" />
		<Unit filename="../../../src/vedo/njr/implementation/EFPathDependent.cpp" />
		<Unit filename="../../../src/vedo/njr/implementation/GeoUtility.cpp" />
		<Unit filename="../../../src/vedo/njr/implementation/HalfSpace.cpp" />
		<Unit filename="../../../src/vedo/njr/implementation/LinearProgramming.cpp" />
		<Unit filename="../../../src/vedo/njr/implementation/Matrix.cpp" />
		<Unit filename="../../../src/vedo/njr/implementation/Polygon.cpp" />
		<Unit filename="../../../src/vedo/njr/implementation/Polyhedra.cpp" />
		<Unit filename="../../../src/vedo/njr/implementation/RandomGenerator.cpp" />
		<Unit filename="../../../src/vedo/njr/implementation/RickyRandom.cpp" />
		<Unit filename="../../../src/vedo/njr/implementation/Utility.cpp" />
		<Unit filename="../../../src/vedo/njr/implementation/Vector3d.cpp" />
		<Unit filename="../../../src/vedo/njr/interfaces/ACADXF.h" />
		<Unit filename="../../../src/vedo/njr/interfaces/ACADXF_Solid.h" />
		<Unit filename="../../../src/vedo/njr/interfaces/Array3d.h" />
		<Unit filename="../../../src/vedo/njr/interfaces/Constants.h" />
		<Unit filename="../../../src/vedo/njr/interfaces/EFPathDependent.h" />
		<Unit filename="../../../src/vedo/njr/interfaces/EFSExtrapolation.h" />
		<Unit filename="../../../src/vedo/njr/interfaces/EFSTimeHistory.h" />
		<Unit filename="../../../src/vedo/njr/interfaces/EFScatter.h" />
		<Unit filename="../../../src/vedo/njr/interfaces/ExplicitFunction.h" />
		<Unit filename="../../../src/vedo/njr/interfaces/GeoUtility.h" />
		<Unit filename="../../../src/vedo/njr/interfaces/HalfSpace.h" />
		<Unit filename="../../../src/vedo/njr/interfaces/LinearProgramming.h" />
		<Unit filename="../../../src/vedo/njr/interfaces/Matrix.h" />
		<Unit filename="../../../src/vedo/njr/interfaces/ParameterSet.h" />
		<Unit filename="../../../src/vedo/njr/interfaces/Polygon.h" />
		<Unit filename="../../../src/vedo/njr/interfaces/Polyhedra.h" />
		<Unit filename="../../../src/vedo/njr/interfaces/RandomGenerator.h" />
		<Unit filename="../../../src/vedo/njr/interfaces/RickyRandom.h" />
		<Unit filename="../../../src/vedo/njr/interfaces/TimeControlVariable.h" />
		<Unit filename="../../../src/vedo/njr/interfaces/Utility.h" />
		<Unit filename="../../../src/vedo/njr/interfaces/VariationRecord.h" />
		<Unit filename="../../../src/vedo/njr/interfaces/Vector3d.h" />
		<Extensions>
			<code_completion />
			<envvars />
			<debugger />
			<lib_finder disable_auto="1" />
		</Extensions>
	</Project>
</CodeBlocks_project_file>
