<?xml version="1.0" encoding="UTF-8" standalone="yes" ?>
<CodeBlocks_project_file>
	<FileVersion major="1" minor="6" />
	<Project>
		<Option title="Framework" />
		<Option pch_mode="2" />
		<Option compiler="gcc" />
		<Build>
			<Target title="Debug">
				<Option output="../../lib/Code_Blocks/VEDO-Framework-Debug" prefix_auto="1" extension_auto="1" />
				<Option working_dir="" />
				<Option object_output="../../obj/Code_Blocks/Debug/" />
				<Option type="2" />
				<Option compiler="gcc" />
				<Option createDefFile="1" />
				<Compiler>
					<Add option="-Wall" />
					<Add option="-g" />
					<Add option="-D_VEDO_DEBUG" />
				</Compiler>
			</Target>
			<Target title="Release">
				<Option output="../../lib/Code_Blocks/VEDO-Framework" prefix_auto="1" extension_auto="1" />
				<Option working_dir="" />
				<Option object_output="../../obj/Code_Blocks/Release/" />
				<Option type="2" />
				<Option compiler="gcc" />
				<Option createDefFile="1" />
				<Compiler>
					<Add option="-O2" />
					<Add option="-Wall" />
				</Compiler>
				<Linker>
					<Add option="-s" />
				</Linker>
			</Target>
		</Build>
		<VirtualTargets>
			<Add alias="All" targets="Debug;Release;" />
		</VirtualTargets>
		<Compiler>
			<Add directory="../../src/" />
			<Add directory="C:/usr/xercesc/GCC/include/" />
		</Compiler>
		<Unit filename="../../src/FrameWork/Implementation/Assembler.cpp" />
		<Unit filename="../../src/FrameWork/Implementation/Boundary.cpp" />
		<Unit filename="../../src/FrameWork/Implementation/Boundary2d.cpp" />
		<Unit filename="../../src/FrameWork/Implementation/CDCFactoryDecorator.cpp" />
		<Unit filename="../../src/FrameWork/Implementation/Consultant.cpp" />
		<Unit filename="../../src/FrameWork/Implementation/ContactDetector.cpp" />
		<Unit filename="../../src/FrameWork/Implementation/DOCFactoryDecorator.cpp" />
		<Unit filename="../../src/FrameWork/Implementation/DOContainer.cpp" />
		<Unit filename="../../src/FrameWork/Implementation/DOMap.cpp" />
		<Unit filename="../../src/FrameWork/Implementation/DOModel.cpp" />
		<Unit filename="../../src/FrameWork/Implementation/DOStatus.cpp" />
		<Unit filename="../../src/FrameWork/Implementation/DOWorld.cpp" />
		<Unit filename="../../src/FrameWork/Implementation/DOWorld_DrawDxf.cpp" />
		<Unit filename="../../src/FrameWork/Implementation/DOWorld_RWIDO.cpp" />
		<Unit filename="../../src/FrameWork/Implementation/DOWorld_ReadXML.cpp" />
		<Unit filename="../../src/FrameWork/Implementation/DOWorld_WriteVPF.cpp" />
		<Unit filename="../../src/FrameWork/Implementation/DOWorld_WriteXML.cpp" />
		<Unit filename="../../src/FrameWork/Implementation/DiscreteObject.cpp" />
		<Unit filename="../../src/FrameWork/Implementation/GeometricShape.cpp" />
		<Unit filename="../../src/FrameWork/Implementation/ISCFactoryDecorator.cpp" />
		<Unit filename="../../src/FrameWork/Implementation/ISwModels.cpp" />
		<Unit filename="../../src/FrameWork/Implementation/IactContainer.cpp" />
		<Unit filename="../../src/FrameWork/Implementation/IactModel.cpp" />
		<Unit filename="../../src/FrameWork/Implementation/IactRecordTab.cpp" />
		<Unit filename="../../src/FrameWork/Implementation/ImpactSolver.cpp" />
		<Unit filename="../../src/FrameWork/Implementation/ImpactStatus.cpp" />
		<Unit filename="../../src/FrameWork/Implementation/Interaction.cpp" />
		<Unit filename="../../src/FrameWork/Implementation/SimMediator.cpp" />
		<Unit filename="../../src/FrameWork/Implementation/SystemParameter.cpp" />
		<Unit filename="../../src/FrameWork/Implementation/SystemParameter2d.cpp" />
		<Unit filename="../../src/FrameWork/Interfaces/Assembler.h" />
		<Unit filename="../../src/FrameWork/Interfaces/Boundary.h" />
		<Unit filename="../../src/FrameWork/Interfaces/Boundary2d.h" />
		<Unit filename="../../src/FrameWork/Interfaces/CDCFactoryDecorator.h" />
		<Unit filename="../../src/FrameWork/Interfaces/CDFactory.h" />
		<Unit filename="../../src/FrameWork/Interfaces/Constants.h" />
		<Unit filename="../../src/FrameWork/Interfaces/Consultant.h" />
		<Unit filename="../../src/FrameWork/Interfaces/ContactDetector.h" />
		<Unit filename="../../src/FrameWork/Interfaces/DOCFactoryDecorator.h" />
		<Unit filename="../../src/FrameWork/Interfaces/DOContainer.h" />
		<Unit filename="../../src/FrameWork/Interfaces/DOFactory.h" />
		<Unit filename="../../src/FrameWork/Interfaces/DOMap.h" />
		<Unit filename="../../src/FrameWork/Interfaces/DOModel.h" />
		<Unit filename="../../src/FrameWork/Interfaces/DOStatus.h" />
		<Unit filename="../../src/FrameWork/Interfaces/DOWorld.h" />
		<Unit filename="../../src/FrameWork/Interfaces/DOWorld_WriteVTK.h" />
		<Unit filename="../../src/FrameWork/Interfaces/DiscreteObject.h" />
		<Unit filename="../../src/FrameWork/Interfaces/GeometricShape.h" />
		<Unit filename="../../src/FrameWork/Interfaces/ISCFactoryDecorator.h" />
		<Unit filename="../../src/FrameWork/Interfaces/ISFactory.h" />
		<Unit filename="../../src/FrameWork/Interfaces/ISwModels.h" />
		<Unit filename="../../src/FrameWork/Interfaces/IactContainer.h" />
		<Unit filename="../../src/FrameWork/Interfaces/IactModel.h" />
		<Unit filename="../../src/FrameWork/Interfaces/IactRecordTab.h" />
		<Unit filename="../../src/FrameWork/Interfaces/ImpactSolver.h" />
		<Unit filename="../../src/FrameWork/Interfaces/ImpactStatus.h" />
		<Unit filename="../../src/FrameWork/Interfaces/Interaction.h" />
		<Unit filename="../../src/FrameWork/Interfaces/SimMediator.h" />
		<Unit filename="../../src/FrameWork/Interfaces/SystemParameter.h" />
		<Unit filename="../../src/FrameWork/Interfaces/SystemParameter2d.h" />
		<Extensions>
			<code_completion />
			<envvars />
			<debugger />
			<lib_finder disable_auto="1" />
			<DoxyBlocks>
				<comment_style block="0" line="0" />
				<doxyfile_project />
				<doxyfile_build />
				<doxyfile_warnings />
				<doxyfile_output />
				<doxyfile_dot />
				<general />
			</DoxyBlocks>
		</Extensions>
	</Project>
</CodeBlocks_project_file>
