<?xml version="1.0" encoding="UTF-8" standalone="yes" ?>
<CodeBlocks_project_file>
	<FileVersion major="1" minor="6" />
	<Project>
		<Option title="Knight" />
		<Option pch_mode="2" />
		<Option compiler="gcc" />
		<Build>
			<Target title="Debug">
				<Option output="../../bin/Code_Blocks/Knight-Debug" prefix_auto="1" extension_auto="1" />
				<Option object_output="../../obj/Code_Blocks/Debug/" />
				<Option type="1" />
				<Option compiler="gcc" />
				<Compiler>
					<Add option="-g" />
				</Compiler>
				<Linker>
					<Add library="../../lib/Code_Blocks/libVEDO-Common-Debug.a" />
					<Add library="../../lib/Code_Blocks/libVEDO-Framework-Debug.a" />
					<Add library="../../lib/Code_Blocks/libVEDO-NJR-Debug.a" />
					<Add library="C:/usr/xercesc/GCC/lib/libxerces-c.a" />
				</Linker>
			</Target>
			<Target title="Release">
				<Option output="../../bin/Code_Blocks/Knight" prefix_auto="1" extension_auto="1" />
				<Option object_output="../../obj/Code_Blocks/Release/" />
				<Option type="1" />
				<Option compiler="gcc" />
				<Compiler>
					<Add option="-O2" />
				</Compiler>
				<Linker>
					<Add option="-s" />
					<Add library="../../lib/Code_Blocks/libVEDO-Common.a" />
					<Add library="../../lib/Code_Blocks/libVEDO-Framework.a" />
					<Add library="../../lib/Code_Blocks/libVEDO-NJR.a" />
					<Add library="C:/usr/xercesc/GCC/lib/libxerces-c.a" />
				</Linker>
			</Target>
		</Build>
		<VirtualTargets>
			<Add alias="All" targets="Debug;Release;" />
		</VirtualTargets>
		<Compiler>
			<Add option="-Wall" />
			<Add option="-fexceptions" />
			<Add directory="../../src/" />
			<Add directory="C:/usr/xercesc/GCC/inlcude/" />
		</Compiler>
		<Linker>
			<Add directory="../../lib/Code_Blocks/" />
			<Add directory="C:/usr/xercesc/GCC/lib/" />
		</Linker>
		<Unit filename="../../src/Knight/Implementation/3DLattices.cpp" />
		<Unit filename="../../src/Knight/Implementation/BravaisLatticeWithBasis.cpp" />
		<Unit filename="../../src/Knight/Implementation/CalcCoordinateNum.cpp" />
		<Unit filename="../../src/Knight/Implementation/CalcDensity.cpp" />
		<Unit filename="../../src/Knight/Implementation/ClusterInitializer.cpp" />
		<Unit filename="../../src/Knight/Implementation/RectangularClusterInitializer.cpp" />
		<Unit filename="../../src/Knight/Implementation/knight.cpp" />
		<Unit filename="../../src/Knight/Implementation/svg.cpp" />
		<Unit filename="../../src/Knight/Interfaces/3DLattices.h" />
		<Unit filename="../../src/Knight/Interfaces/BravaisLatticeWithBasis.h" />
		<Unit filename="../../src/Knight/Interfaces/CalcCoordinateNum.h" />
		<Unit filename="../../src/Knight/Interfaces/CalcDensity.h" />
		<Unit filename="../../src/Knight/Interfaces/ClusterInitializer.h" />
		<Unit filename="../../src/Knight/Interfaces/RectangularClusterInitializer.h" />
		<Extensions>
			<code_completion />
			<envvars />
			<debugger />
		</Extensions>
	</Project>
</CodeBlocks_project_file>
