<?xml version="1.0" encoding="UTF-8" standalone="yes" ?>
<CodeBlocks_project_file>
	<FileVersion major="1" minor="6" />
	<Project>
		<Option title="NJR" />
		<Option pch_mode="2" />
		<Option compiler="gcc" />
		<Build>
			<Target title="Debug">
				<Option output="../../lib/Code_Blocks/vedo-njr-debug" prefix_auto="1" extension_auto="1" />
				<Option working_dir="" />
				<Option object_output="../../obj/Code_Blocks/debug/" />
				<Option type="2" />
				<Option compiler="gcc" />
				<Option createDefFile="1" />
				<Compiler>
					<Add option="-Wall" />
					<Add option="-g" />
					<Add option="-D_VEDO_DEBUG" />
				</Compiler>
			</Target>
			<Target title="Release">
				<Option output="../../lib/Code_Blocks/vedo-njr" prefix_auto="1" extension_auto="1" />
				<Option working_dir="" />
				<Option object_output="../../obj/Code_Blocks/release/" />
				<Option type="2" />
				<Option compiler="gcc" />
				<Option createDefFile="1" />
				<Compiler>
					<Add option="-O2" />
					<Add option="-Wall" />
				</Compiler>
				<Linker>
					<Add option="-s" />
				</Linker>
			</Target>
		</Build>
		<VirtualTargets>
			<Add alias="All" targets="Debug;Release;" />
		</VirtualTargets>
		<Compiler>
			<Add directory="../../src/" />
		</Compiler>
		<Unit filename="../../src/NJR/Implementation/ACADXF.cpp" />
		<Unit filename="../../src/NJR/Implementation/ACADXF_Solid.cpp" />
		<Unit filename="../../src/NJR/Implementation/GeoUtility.cpp" />
		<Unit filename="../../src/NJR/Implementation/HalfSpace.cpp" />
		<Unit filename="../../src/NJR/Implementation/LinearProgramming.cpp" />
		<Unit filename="../../src/NJR/Implementation/Matrix.cpp" />
		<Unit filename="../../src/NJR/Implementation/Polygon.cpp" />
		<Unit filename="../../src/NJR/Implementation/RandomGenerator.cpp" />
		<Unit filename="../../src/NJR/Implementation/RickyRandom.cpp" />
		<Unit filename="../../src/NJR/Implementation/TimeHistory.cpp" />
		<Unit filename="../../src/NJR/Implementation/Utility.cpp" />
		<Unit filename="../../src/NJR/Implementation/Vector2d.cpp" />
		<Unit filename="../../src/NJR/Implementation/Vector3d.cpp" />
		<Unit filename="../../src/NJR/Implementation/polyhedra.cpp" />
		<Unit filename="../../src/NJR/Interfaces/ACADXF.h" />
		<Unit filename="../../src/NJR/Interfaces/ACADXF_Solid.h" />
		<Unit filename="../../src/NJR/Interfaces/Constants.h" />
		<Unit filename="../../src/NJR/Interfaces/GeoUtility.h" />
		<Unit filename="../../src/NJR/Interfaces/HalfSpace.h" />
		<Unit filename="../../src/NJR/Interfaces/LinearProgramming.h" />
		<Unit filename="../../src/NJR/Interfaces/Matrix.h" />
		<Unit filename="../../src/NJR/Interfaces/Polygon.h" />
		<Unit filename="../../src/NJR/Interfaces/RandomGenerator.h" />
		<Unit filename="../../src/NJR/Interfaces/RickyRandom.h" />
		<Unit filename="../../src/NJR/Interfaces/TimeHistory.h" />
		<Unit filename="../../src/NJR/Interfaces/Utility.h" />
		<Unit filename="../../src/NJR/Interfaces/Vector2d.h" />
		<Unit filename="../../src/NJR/Interfaces/Vector3d.h" />
		<Unit filename="../../src/NJR/Interfaces/polyhedra.h" />
		<Extensions>
			<code_completion />
			<envvars />
			<debugger />
			<lib_finder disable_auto="1" />
			<DoxyBlocks>
				<comment_style block="0" line="0" />
				<doxyfile_project />
				<doxyfile_build />
				<doxyfile_warnings />
				<doxyfile_output />
				<doxyfile_dot />
				<general />
			</DoxyBlocks>
		</Extensions>
	</Project>
</CodeBlocks_project_file>
