<?xml version="1.0" encoding="UTF-8" standalone="yes" ?>
<CodeBlocks_project_file>
	<FileVersion major="1" minor="6" />
	<Project>
		<Option title="iris-gm" />
		<Option pch_mode="2" />
		<Option compiler="gnu_gcc_compiler_32bits" />
		<Build>
			<Target title="Debug">
				<Option output="../../../bin/vedo/CodeBlocks-32/iris-gm-debug" prefix_auto="1" extension_auto="1" />
				<Option object_output="../../../obj/vedo/CodeBlocks-32/debug/" />
				<Option type="1" />
				<Option compiler="gnu_gcc_compiler_32bits" />
				<Compiler>
					<Add option="-g" />
					<Add option="-D_VEDO_DEBUG" />
				</Compiler>
				<Linker>
					<Add library="../../../lib/vedo/CodeBlocks-32/libvedo-common-debug.a" />
					<Add library="../../../lib/vedo/CodeBlocks-32/libvedo-framework-debug.a" />
					<Add library="../../../lib/vedo/CodeBlocks-32/libvedo-njr-debug.a" />
					<Add library="C:/usr/mpich2/32/lib/mpi.lib" />
				</Linker>
			</Target>
			<Target title="Release">
				<Option output="../../../bin/vedo/CodeBlocks-32/iris-gm" prefix_auto="1" extension_auto="1" />
				<Option object_output="../../../obj/vedo/CodeBlocks-32/release/" />
				<Option type="1" />
				<Option compiler="gnu_gcc_compiler_32bits" />
				<Compiler>
					<Add option="-O3" />
				</Compiler>
				<Linker>
					<Add option="-s" />
					<Add library="../../../lib/vedo/CodeBlocks-32/libvedo-common.a" />
					<Add library="../../../lib/vedo/CodeBlocks-32/libvedo-framework.a" />
					<Add library="../../../lib/vedo/CodeBlocks-32/libvedo-njr.a" />
					<Add library="C:/usr/mpich2/32/lib/mpi.lib" />
				</Linker>
			</Target>
		</Build>
		<VirtualTargets>
			<Add alias="All" targets="Debug;Release;" />
		</VirtualTargets>
		<Compiler>
			<Add option="-std=c++11" />
			<Add option="-Wall" />
			<Add option="-fexceptions -static -static-libgcc -static-libstdc++" />
			<Add option="-D_STD_CPP_11" />
			<Add directory="../../../src/" />
			<Add directory="C:/usr/mpich2/32/include/" />
			<Add directory="C:/usr/win-builds-32/include/" />
			<Add directory="C:/usr/win-builds-32/mingw/include/" />
		</Compiler>
		<Linker>
			<Add directory="../../../lib/vedo/CodeBlocks-32/" />
			<Add directory="C:/usr/mpich2/32/lib/" />
			<Add directory="C:/usr/win-builds-32/lib/" />
		</Linker>
		<Unit filename="../../../src/vedo/iris-gm/implementation/Iris-GM.cpp" />
		<Unit filename="../../../src/vedo/iris-gm/implementation/NBSParallelConsultant.cpp" />
		<Unit filename="../../../src/vedo/iris-gm/interfaces/NBSParallelConsultant.h" />
		<Extensions>
			<code_completion />
			<envvars />
			<debugger />
		</Extensions>
	</Project>
</CodeBlocks_project_file>
